<?xml version="1.0" encoding="UTF-8"?>
<Scheme
   version = "1.3">
   <BuildAction>
      <BuildActionEntries>
         <BuildActionEntry
            buildForRunning = "YES">
            <BuildableReference
               BuildableIdentifier = "primary"
               BlueprintIdentifier = "8DC2EF4F0486A6940098B216"
               BuildableName = "Sparkle.framework"
               BlueprintName = "Sparkle"
               ReferencedContainer = "container:Sparkle.xcodeproj">
            </BuildableReference>
         </BuildActionEntry>
      </BuildActionEntries>
   </BuildAction>
   <LaunchAction
      useCustomWorkingDirectory = "NO"
      buildConfiguration = "Debug">
      <BuildableProductRunnable>
         <BuildableReference
            BuildableIdentifier = "primary"
            BlueprintIdentifier = "61B5F90109C4CEE200B25A18"
            BuildableName = "Sparkle Test App.app"
            BlueprintName = "Sparkle Test App"
            ReferencedContainer = "container:Sparkle.xcodeproj">
         </BuildableReference>
      </BuildableProductRunnable>
   </LaunchAction>
</Scheme>
